
Microsoft Visual Studio Solution File, Format Version 12.00
# Visual Studio 2012
Project("{FAE04EC0-301F-11D3-BF4B-00C04F79EFBC}") = "knockthrough-htmlapp", "knockthrough-htmlapp.csproj", "{709C91E2-D34E-4A4F-A8A9-88D685A1B93A}"
EndProject
Global
	GlobalSection(SolutionConfigurationPlatforms) = preSolution
		Debug|Any CPU = Debug|Any CPU
		Release|Any CPU = Release|Any CPU
	EndGlobalSection
	GlobalSection(ProjectConfigurationPlatforms) = postSolution
		{709C91E2-D34E-4A4F-A8A9-88D685A1B93A}.Debug|Any CPU.ActiveCfg = Debug|Any CPU
		{709C91E2-D34E-4A4F-A8A9-88D685A1B93A}.Debug|Any CPU.Build.0 = Debug|Any CPU
		{709C91E2-D34E-4A4F-A8A9-88D685A1B93A}.Release|Any CPU.ActiveCfg = Release|Any CPU
		{709C91E2-D34E-4A4F-A8A9-88D685A1B93A}.Release|Any CPU.Build.0 = Release|Any CPU
	EndGlobalSection
	GlobalSection(SolutionProperties) = preSolution
		HideSolutionNode = FALSE
	EndGlobalSection
EndGlobal
